
Microsoft Visual Studio Solution File, Format Version 12.00
# Visual Studio 15
VisualStudioVersion = 15.0.26124.0
MinimumVisualStudioVersion = 15.0.26124.0
Project("{2150E333-8FDC-42A3-9474-1A3956D46DE8}") = "src", "src", "{F2E545E0-0E2C-49BD-B4E3-ADD9911A0172}"
EndProject
Project("{FAE04EC0-301F-11D3-BF4B-00C04F79EFBC}") = "CommandAPI", "src\CommandAPI\CommandAPI.csproj", "{EC41F60E-D5D9-40C6-8CBE-70F3A13E6ADB}"
EndProject
Project("{2150E333-8FDC-42A3-9474-1A3956D46DE8}") = "test", "test", "{4BD23F57-0CA7-41EB-96A5-35261C610A97}"
EndProject
Project("{FAE04EC0-301F-11D3-BF4B-00C04F79EFBC}") = "CommandAPI.Tests", "test\CommandAPI.Tests\CommandAPI.Tests.csproj", "{3D097B0F-A929-4AF4-9CF5-1C7B80A3410F}"
EndProject
Global
	GlobalSection(SolutionConfigurationPlatforms) = preSolution
		Debug|Any CPU = Debug|Any CPU
		Debug|x64 = Debug|x64
		Debug|x86 = Debug|x86
		Release|Any CPU = Release|Any CPU
		Release|x64 = Release|x64
		Release|x86 = Release|x86
	EndGlobalSection
	GlobalSection(SolutionProperties) = preSolution
		HideSolutionNode = FALSE
	EndGlobalSection
	GlobalSection(ProjectConfigurationPlatforms) = postSolution
		{EC41F60E-D5D9-40C6-8CBE-70F3A13E6ADB}.Debug|Any CPU.ActiveCfg = Debug|Any CPU
		{EC41F60E-D5D9-40C6-8CBE-70F3A13E6ADB}.Debug|Any CPU.Build.0 = Debug|Any CPU
		{EC41F60E-D5D9-40C6-8CBE-70F3A13E6ADB}.Debug|x64.ActiveCfg = Debug|Any CPU
		{EC41F60E-D5D9-40C6-8CBE-70F3A13E6ADB}.Debug|x64.Build.0 = Debug|Any CPU
		{EC41F60E-D5D9-40C6-8CBE-70F3A13E6ADB}.Debug|x86.ActiveCfg = Debug|Any CPU
		{EC41F60E-D5D9-40C6-8CBE-70F3A13E6ADB}.Debug|x86.Build.0 = Debug|Any CPU
		{EC41F60E-D5D9-40C6-8CBE-70F3A13E6ADB}.Release|Any CPU.ActiveCfg = Release|Any CPU
		{EC41F60E-D5D9-40C6-8CBE-70F3A13E6ADB}.Release|Any CPU.Build.0 = Release|Any CPU
		{EC41F60E-D5D9-40C6-8CBE-70F3A13E6ADB}.Release|x64.ActiveCfg = Release|Any CPU
		{EC41F60E-D5D9-40C6-8CBE-70F3A13E6ADB}.Release|x64.Build.0 = Release|Any CPU
		{EC41F60E-D5D9-40C6-8CBE-70F3A13E6ADB}.Release|x86.ActiveCfg = Release|Any CPU
		{EC41F60E-D5D9-40C6-8CBE-70F3A13E6ADB}.Release|x86.Build.0 = Release|Any CPU
		{3D097B0F-A929-4AF4-9CF5-1C7B80A3410F}.Debug|Any CPU.ActiveCfg = Debug|Any CPU
		{3D097B0F-A929-4AF4-9CF5-1C7B80A3410F}.Debug|Any CPU.Build.0 = Debug|Any CPU
		{3D097B0F-A929-4AF4-9CF5-1C7B80A3410F}.Debug|x64.ActiveCfg = Debug|Any CPU
		{3D097B0F-A929-4AF4-9CF5-1C7B80A3410F}.Debug|x64.Build.0 = Debug|Any CPU
		{3D097B0F-A929-4AF4-9CF5-1C7B80A3410F}.Debug|x86.ActiveCfg = Debug|Any CPU
		{3D097B0F-A929-4AF4-9CF5-1C7B80A3410F}.Debug|x86.Build.0 = Debug|Any CPU
		{3D097B0F-A929-4AF4-9CF5-1C7B80A3410F}.Release|Any CPU.ActiveCfg = Release|Any CPU
		{3D097B0F-A929-4AF4-9CF5-1C7B80A3410F}.Release|Any CPU.Build.0 = Release|Any CPU
		{3D097B0F-A929-4AF4-9CF5-1C7B80A3410F}.Release|x64.ActiveCfg = Release|Any CPU
		{3D097B0F-A929-4AF4-9CF5-1C7B80A3410F}.Release|x64.Build.0 = Release|Any CPU
		{3D097B0F-A929-4AF4-9CF5-1C7B80A3410F}.Release|x86.ActiveCfg = Release|Any CPU
		{3D097B0F-A929-4AF4-9CF5-1C7B80A3410F}.Release|x86.Build.0 = Release|Any CPU
	EndGlobalSection
	GlobalSection(NestedProjects) = preSolution
		{EC41F60E-D5D9-40C6-8CBE-70F3A13E6ADB} = {F2E545E0-0E2C-49BD-B4E3-ADD9911A0172}
		{3D097B0F-A929-4AF4-9CF5-1C7B80A3410F} = {4BD23F57-0CA7-41EB-96A5-35261C610A97}
	EndGlobalSection
EndGlobal
